
Microsoft Visual Studio Solution File, Format Version 12.00
# Visual Studio 15
Project("{FAE04EC0-301F-11D3-BF4B-00C04F79EFBC}") = "Assembly-CSharp", "Assembly-CSharp.csproj", "{BF0F5E08-5541-A7D8-32AF-C9244898F8FC}"
EndProject
Project("{FAE04EC0-301F-11D3-BF4B-00C04F79EFBC}") = "Assembly-CSharp-Editor", "Assembly-CSharp-Editor.csproj", "{F4F348E1-94D9-89AD-0D61-138597CD3AA2}"
EndProject
Global
	GlobalSection(SolutionConfigurationPlatforms) = preSolution
		Debug|Any CPU = Debug|Any CPU
		Release|Any CPU = Release|Any CPU
	EndGlobalSection
	GlobalSection(ProjectConfigurationPlatforms) = postSolution
		{BF0F5E08-5541-A7D8-32AF-C9244898F8FC}.Debug|Any CPU.ActiveCfg = Debug|Any CPU
		{BF0F5E08-5541-A7D8-32AF-C9244898F8FC}.Debug|Any CPU.Build.0 = Debug|Any CPU
		{BF0F5E08-5541-A7D8-32AF-C9244898F8FC}.Release|Any CPU.ActiveCfg = Release|Any CPU
		{BF0F5E08-5541-A7D8-32AF-C9244898F8FC}.Release|Any CPU.Build.0 = Release|Any CPU
		{F4F348E1-94D9-89AD-0D61-138597CD3AA2}.Debug|Any CPU.ActiveCfg = Debug|Any CPU
		{F4F348E1-94D9-89AD-0D61-138597CD3AA2}.Debug|Any CPU.Build.0 = Debug|Any CPU
		{F4F348E1-94D9-89AD-0D61-138597CD3AA2}.Release|Any CPU.ActiveCfg = Release|Any CPU
		{F4F348E1-94D9-89AD-0D61-138597CD3AA2}.Release|Any CPU.Build.0 = Release|Any CPU
	EndGlobalSection
	GlobalSection(SolutionProperties) = preSolution
		HideSolutionNode = FALSE
	EndGlobalSection
EndGlobal
